
Microsoft Visual Studio Solution File, Format Version 12.00
# Visual Studio Version 17
VisualStudioVersion = 17.3.32929.385
MinimumVisualStudioVersion = 10.0.40219.1
Project("{FAE04EC0-301F-11D3-BF4B-00C04F79EFBC}") = "hola.Android", "hola.Android\hola.Android.csproj", "{12C49D0B-0CA8-484C-B963-74DFBE994968}"
EndProject
Project("{FAE04EC0-301F-11D3-BF4B-00C04F79EFBC}") = "hola.iOS", "hola.iOS\hola.iOS.csproj", "{551E6E80-3FC4-4200-AD0C-21861B81CFB8}"
EndProject
Project("{FAE04EC0-301F-11D3-BF4B-00C04F79EFBC}") = "hola", "hola\hola.csproj", "{82510612-8D7E-4C68-8089-2092A68BAEE4}"
EndProject
Global
	GlobalSection(SolutionConfigurationPlatforms) = preSolution
		Debug|Any CPU = Debug|Any CPU
		Debug|iPhone = Debug|iPhone
		Debug|iPhoneSimulator = Debug|iPhoneSimulator
		Release|Any CPU = Release|Any CPU
		Release|iPhone = Release|iPhone
		Release|iPhoneSimulator = Release|iPhoneSimulator
	EndGlobalSection
	GlobalSection(ProjectConfigurationPlatforms) = postSolution
		{12C49D0B-0CA8-484C-B963-74DFBE994968}.Debug|Any CPU.ActiveCfg = Debug|Any CPU
		{12C49D0B-0CA8-484C-B963-74DFBE994968}.Debug|Any CPU.Build.0 = Debug|Any CPU
		{12C49D0B-0CA8-484C-B963-74DFBE994968}.Debug|Any CPU.Deploy.0 = Debug|Any CPU
		{12C49D0B-0CA8-484C-B963-74DFBE994968}.Debug|iPhone.ActiveCfg = Debug|Any CPU
		{12C49D0B-0CA8-484C-B963-74DFBE994968}.Debug|iPhone.Build.0 = Debug|Any CPU
		{12C49D0B-0CA8-484C-B963-74DFBE994968}.Debug|iPhone.Deploy.0 = Debug|Any CPU
		{12C49D0B-0CA8-484C-B963-74DFBE994968}.Debug|iPhoneSimulator.ActiveCfg = Debug|Any CPU
		{12C49D0B-0CA8-484C-B963-74DFBE994968}.Debug|iPhoneSimulator.Build.0 = Debug|Any CPU
		{12C49D0B-0CA8-484C-B963-74DFBE994968}.Debug|iPhoneSimulator.Deploy.0 = Debug|Any CPU
		{12C49D0B-0CA8-484C-B963-74DFBE994968}.Release|Any CPU.ActiveCfg = Release|Any CPU
		{12C49D0B-0CA8-484C-B963-74DFBE994968}.Release|Any CPU.Build.0 = Release|Any CPU
		{12C49D0B-0CA8-484C-B963-74DFBE994968}.Release|Any CPU.Deploy.0 = Release|Any CPU
		{12C49D0B-0CA8-484C-B963-74DFBE994968}.Release|iPhone.ActiveCfg = Release|Any CPU
		{12C49D0B-0CA8-484C-B963-74DFBE994968}.Release|iPhone.Build.0 = Release|Any CPU
		{12C49D0B-0CA8-484C-B963-74DFBE994968}.Release|iPhone.Deploy.0 = Release|Any CPU
		{12C49D0B-0CA8-484C-B963-74DFBE994968}.Release|iPhoneSimulator.ActiveCfg = Release|Any CPU
		{12C49D0B-0CA8-484C-B963-74DFBE994968}.Release|iPhoneSimulator.Build.0 = Release|Any CPU
		{12C49D0B-0CA8-484C-B963-74DFBE994968}.Release|iPhoneSimulator.Deploy.0 = Release|Any CPU
		{551E6E80-3FC4-4200-AD0C-21861B81CFB8}.Debug|Any CPU.ActiveCfg = Debug|iPhone
		{551E6E80-3FC4-4200-AD0C-21861B81CFB8}.Debug|Any CPU.Build.0 = Debug|iPhone
		{551E6E80-3FC4-4200-AD0C-21861B81CFB8}.Debug|Any CPU.Deploy.0 = Debug|iPhone
		{551E6E80-3FC4-4200-AD0C-21861B81CFB8}.Debug|iPhone.ActiveCfg = Debug|iPhone
		{551E6E80-3FC4-4200-AD0C-21861B81CFB8}.Debug|iPhone.Build.0 = Debug|iPhone
		{551E6E80-3FC4-4200-AD0C-21861B81CFB8}.Debug|iPhone.Deploy.0 = Debug|iPhone
		{551E6E80-3FC4-4200-AD0C-21861B81CFB8}.Debug|iPhoneSimulator.ActiveCfg = Debug|iPhoneSimulator
		{551E6E80-3FC4-4200-AD0C-21861B81CFB8}.Debug|iPhoneSimulator.Build.0 = Debug|iPhoneSimulator
		{551E6E80-3FC4-4200-AD0C-21861B81CFB8}.Debug|iPhoneSimulator.Deploy.0 = Debug|iPhoneSimulator
		{551E6E80-3FC4-4200-AD0C-21861B81CFB8}.Release|Any CPU.ActiveCfg = Release|iPhoneSimulator
		{551E6E80-3FC4-4200-AD0C-21861B81CFB8}.Release|Any CPU.Build.0 = Release|iPhoneSimulator
		{551E6E80-3FC4-4200-AD0C-21861B81CFB8}.Release|Any CPU.Deploy.0 = Release|iPhoneSimulator
		{551E6E80-3FC4-4200-AD0C-21861B81CFB8}.Release|iPhone.ActiveCfg = Release|iPhone
		{551E6E80-3FC4-4200-AD0C-21861B81CFB8}.Release|iPhone.Build.0 = Release|iPhone
		{551E6E80-3FC4-4200-AD0C-21861B81CFB8}.Release|iPhone.Deploy.0 = Release|iPhone
		{551E6E80-3FC4-4200-AD0C-21861B81CFB8}.Release|iPhoneSimulator.ActiveCfg = Release|iPhoneSimulator
		{551E6E80-3FC4-4200-AD0C-21861B81CFB8}.Release|iPhoneSimulator.Build.0 = Release|iPhoneSimulator
		{551E6E80-3FC4-4200-AD0C-21861B81CFB8}.Release|iPhoneSimulator.Deploy.0 = Release|iPhoneSimulator
		{82510612-8D7E-4C68-8089-2092A68BAEE4}.Debug|Any CPU.ActiveCfg = Debug|Any CPU
		{82510612-8D7E-4C68-8089-2092A68BAEE4}.Debug|Any CPU.Build.0 = Debug|Any CPU
		{82510612-8D7E-4C68-8089-2092A68BAEE4}.Debug|Any CPU.Deploy.0 = Debug|Any CPU
		{82510612-8D7E-4C68-8089-2092A68BAEE4}.Debug|iPhone.ActiveCfg = Debug|Any CPU
		{82510612-8D7E-4C68-8089-2092A68BAEE4}.Debug|iPhone.Build.0 = Debug|Any CPU
		{82510612-8D7E-4C68-8089-2092A68BAEE4}.Debug|iPhone.Deploy.0 = Debug|Any CPU
		{82510612-8D7E-4C68-8089-2092A68BAEE4}.Debug|iPhoneSimulator.ActiveCfg = Debug|Any CPU
		{82510612-8D7E-4C68-8089-2092A68BAEE4}.Debug|iPhoneSimulator.Build.0 = Debug|Any CPU
		{82510612-8D7E-4C68-8089-2092A68BAEE4}.Debug|iPhoneSimulator.Deploy.0 = Debug|Any CPU
		{82510612-8D7E-4C68-8089-2092A68BAEE4}.Release|Any CPU.ActiveCfg = Release|Any CPU
		{82510612-8D7E-4C68-8089-2092A68BAEE4}.Release|Any CPU.Build.0 = Release|Any CPU
		{82510612-8D7E-4C68-8089-2092A68BAEE4}.Release|Any CPU.Deploy.0 = Release|Any CPU
		{82510612-8D7E-4C68-8089-2092A68BAEE4}.Release|iPhone.ActiveCfg = Release|Any CPU
		{82510612-8D7E-4C68-8089-2092A68BAEE4}.Release|iPhone.Build.0 = Release|Any CPU
		{82510612-8D7E-4C68-8089-2092A68BAEE4}.Release|iPhone.Deploy.0 = Release|Any CPU
		{82510612-8D7E-4C68-8089-2092A68BAEE4}.Release|iPhoneSimulator.ActiveCfg = Release|Any CPU
		{82510612-8D7E-4C68-8089-2092A68BAEE4}.Release|iPhoneSimulator.Build.0 = Release|Any CPU
		{82510612-8D7E-4C68-8089-2092A68BAEE4}.Release|iPhoneSimulator.Deploy.0 = Release|Any CPU
	EndGlobalSection
	GlobalSection(SolutionProperties) = preSolution
		HideSolutionNode = FALSE
	EndGlobalSection
	GlobalSection(ExtensibilityGlobals) = postSolution
		SolutionGuid = {ECA226FF-D3A3-4298-BF56-815AFCD1C045}
	EndGlobalSection
EndGlobal
